
Microsoft Visual Studio Solution File, Format Version 12.00
# Visual Studio 2013
VisualStudioVersion = 12.0.21005.1
MinimumVisualStudioVersion = 10.0.40219.1
Project("{8BC9CEB8-8B4A-11D0-8D11-00A0C91BC942}") = "HelloJavascript", "HelloJavascript.vcxproj", "{3B0B58B1-2734-488E-A542-ECEC11EB2455}"
	ProjectSection(ProjectDependencies) = postProject
		{98A51BA8-FC3A-415B-AC8F-8C7BD464E93E} = {98A51BA8-FC3A-415B-AC8F-8C7BD464E93E}
		{D1E763BE-7467-3701-8168-04E17E3D22DE} = {D1E763BE-7467-3701-8168-04E17E3D22DE}
	EndProjectSection
EndProject
Project("{8BC9CEB8-8B4A-11D0-8D11-00A0C91BC942}") = "libcocos2d", "$(COCOS_X_ROOT)\build\libcocos2d.vcxproj", "{98A51BA8-FC3A-415B-AC8F-8C7BD464E93E}"
EndProject
Project("{8BC9CEB8-8B4A-11D0-8D11-00A0C91BC942}") = "copy_resource", "$(COCOS_X_ROOT)\build\copy_resource.vcxproj", "{D1E763BE-7467-3701-8168-04E17E3D22DE}"
EndProject
Global
        GlobalSection(SolutionConfigurationPlatforms) = preSolution
                Debug|x86 = Debug|x86
                MinSizeRel|x86 = MinSizeRel|x86
                Release|x86 = Release|x86
                RelWithDebInfo|x86 = RelWithDebInfo|x86
        EndGlobalSection
        GlobalSection(ProjectConfigurationPlatforms) = postSolution
                {3B0B58B1-2734-488E-A542-ECEC11EB2455}.Debug|x86.ActiveCfg = Debug|Win32
                {3B0B58B1-2734-488E-A542-ECEC11EB2455}.Debug|x86.Build.0 = Debug|Win32
                {3B0B58B1-2734-488E-A542-ECEC11EB2455}.MinSizeRel|x86.ActiveCfg = Release|Win32
                {3B0B58B1-2734-488E-A542-ECEC11EB2455}.MinSizeRel|x86.Build.0 = Release|Win32
                {3B0B58B1-2734-488E-A542-ECEC11EB2455}.Release|x86.ActiveCfg = Release|Win32
                {3B0B58B1-2734-488E-A542-ECEC11EB2455}.Release|x86.Build.0 = Release|Win32
                {3B0B58B1-2734-488E-A542-ECEC11EB2455}.RelWithDebInfo|x86.ActiveCfg = Release|Win32
                {3B0B58B1-2734-488E-A542-ECEC11EB2455}.RelWithDebInfo|x86.Build.0 = Release|Win32
                {98A51BA8-FC3A-415B-AC8F-8C7BD464E93E}.Debug|x86.ActiveCfg = Debug|Win32
                {98A51BA8-FC3A-415B-AC8F-8C7BD464E93E}.Debug|x86.Build.0 = Debug|Win32
                {98A51BA8-FC3A-415B-AC8F-8C7BD464E93E}.MinSizeRel|x86.ActiveCfg = Release|Win32
                {98A51BA8-FC3A-415B-AC8F-8C7BD464E93E}.MinSizeRel|x86.Build.0 = Release|Win32
                {98A51BA8-FC3A-415B-AC8F-8C7BD464E93E}.Release|x86.ActiveCfg = Release|Win32
                {98A51BA8-FC3A-415B-AC8F-8C7BD464E93E}.Release|x86.Build.0 = Release|Win32
                {98A51BA8-FC3A-415B-AC8F-8C7BD464E93E}.RelWithDebInfo|x86.ActiveCfg = Release|Win32
                {98A51BA8-FC3A-415B-AC8F-8C7BD464E93E}.RelWithDebInfo|x86.Build.0 = Release|Win32
                {D1E763BE-7467-3701-8168-04E17E3D22DE}.Debug|x86.ActiveCfg = Debug|win32
                {D1E763BE-7467-3701-8168-04E17E3D22DE}.Debug|x86.Build.0 = Debug|win32
                {D1E763BE-7467-3701-8168-04E17E3D22DE}.MinSizeRel|x86.ActiveCfg = MinSizeRel|win32
                {D1E763BE-7467-3701-8168-04E17E3D22DE}.MinSizeRel|x86.Build.0 = MinSizeRel|win32
                {D1E763BE-7467-3701-8168-04E17E3D22DE}.Release|x86.ActiveCfg = Release|win32
                {D1E763BE-7467-3701-8168-04E17E3D22DE}.Release|x86.Build.0 = Release|win32
                {D1E763BE-7467-3701-8168-04E17E3D22DE}.RelWithDebInfo|x86.ActiveCfg = RelWithDebInfo|win32
                {D1E763BE-7467-3701-8168-04E17E3D22DE}.RelWithDebInfo|x86.Build.0 = RelWithDebInfo|win32
        EndGlobalSection
        GlobalSection(SolutionProperties) = preSolution
                HideSolutionNode = FALSE
        EndGlobalSection
        GlobalSection(ExtensibilityGlobals) = postSolution
                                SolutionGuid = {32DFE204-794B-4000-9D6C-CC7260B545BB}
                SolutionGuid = {0F512256-5A04-4438-990A-B968EF4346B4}
        EndGlobalSection
EndGlobal

